
Microsoft Visual Studio Solution File, Format Version 12.00
# Visual Studio 15
VisualStudioVersion = 15.0.27703.2047
MinimumVisualStudioVersion = 10.0.40219.1
Project("{FAE04EC0-301F-11D3-BF4B-00C04F79EFBC}") = "AdventureWorksSample1", "AdventureWorksSample1\AdventureWorksSample1.csproj", "{0C592E64-696A-4B18-8314-C6F82EACE65D}"
EndProject
Project("{2150E333-8FDC-42A3-9474-1A3956D46DE8}") = "Solution Items", "Solution Items", "{CB30BB04-7C71-4946-A99B-12AFD13830D2}"
	ProjectSection(SolutionItems) = preProject
		.editorconfig = .editorconfig
	EndProjectSection
EndProject
Project("{FAE04EC0-301F-11D3-BF4B-00C04F79EFBC}") = "Schema", "Schema\Schema.csproj", "{F47B365B-B876-4F00-BE4C-8EE694E1F74D}"
EndProject
Project("{FAE04EC0-301F-11D3-BF4B-00C04F79EFBC}") = "Schema.MySql", "Schema.MySql\Schema.MySql.csproj", "{5897C8D9-7550-44E7-91DC-E6FB429348A9}"
EndProject
Project("{FAE04EC0-301F-11D3-BF4B-00C04F79EFBC}") = "Sakila", "Sakila\Sakila.csproj", "{79543018-42EB-4507-9DA8-04E58EB45B85}"
EndProject
Project("{FAE04EC0-301F-11D3-BF4B-00C04F79EFBC}") = "SakilaCore", "SakilaCore\SakilaCore.csproj", "{54373368-40BF-4684-81D9-2B828B744D6F}"
EndProject
Global
	GlobalSection(SolutionConfigurationPlatforms) = preSolution
		Debug|Any CPU = Debug|Any CPU
		Release|Any CPU = Release|Any CPU
	EndGlobalSection
	GlobalSection(ProjectConfigurationPlatforms) = postSolution
		{0C592E64-696A-4B18-8314-C6F82EACE65D}.Debug|Any CPU.ActiveCfg = Debug|Any CPU
		{0C592E64-696A-4B18-8314-C6F82EACE65D}.Debug|Any CPU.Build.0 = Debug|Any CPU
		{0C592E64-696A-4B18-8314-C6F82EACE65D}.Release|Any CPU.ActiveCfg = Release|Any CPU
		{0C592E64-696A-4B18-8314-C6F82EACE65D}.Release|Any CPU.Build.0 = Release|Any CPU
		{F47B365B-B876-4F00-BE4C-8EE694E1F74D}.Debug|Any CPU.ActiveCfg = Debug|Any CPU
		{F47B365B-B876-4F00-BE4C-8EE694E1F74D}.Debug|Any CPU.Build.0 = Debug|Any CPU
		{F47B365B-B876-4F00-BE4C-8EE694E1F74D}.Release|Any CPU.ActiveCfg = Release|Any CPU
		{F47B365B-B876-4F00-BE4C-8EE694E1F74D}.Release|Any CPU.Build.0 = Release|Any CPU
		{5897C8D9-7550-44E7-91DC-E6FB429348A9}.Debug|Any CPU.ActiveCfg = Debug|Any CPU
		{5897C8D9-7550-44E7-91DC-E6FB429348A9}.Debug|Any CPU.Build.0 = Debug|Any CPU
		{5897C8D9-7550-44E7-91DC-E6FB429348A9}.Release|Any CPU.ActiveCfg = Release|Any CPU
		{5897C8D9-7550-44E7-91DC-E6FB429348A9}.Release|Any CPU.Build.0 = Release|Any CPU
		{79543018-42EB-4507-9DA8-04E58EB45B85}.Debug|Any CPU.ActiveCfg = Debug|Any CPU
		{79543018-42EB-4507-9DA8-04E58EB45B85}.Debug|Any CPU.Build.0 = Debug|Any CPU
		{79543018-42EB-4507-9DA8-04E58EB45B85}.Release|Any CPU.ActiveCfg = Release|Any CPU
		{79543018-42EB-4507-9DA8-04E58EB45B85}.Release|Any CPU.Build.0 = Release|Any CPU
		{54373368-40BF-4684-81D9-2B828B744D6F}.Debug|Any CPU.ActiveCfg = Debug|Any CPU
		{54373368-40BF-4684-81D9-2B828B744D6F}.Debug|Any CPU.Build.0 = Debug|Any CPU
		{54373368-40BF-4684-81D9-2B828B744D6F}.Release|Any CPU.ActiveCfg = Release|Any CPU
		{54373368-40BF-4684-81D9-2B828B744D6F}.Release|Any CPU.Build.0 = Release|Any CPU
	EndGlobalSection
	GlobalSection(SolutionProperties) = preSolution
		HideSolutionNode = FALSE
	EndGlobalSection
	GlobalSection(ExtensibilityGlobals) = postSolution
		SolutionGuid = {A1365DDF-2FDA-43F2-9E78-A5F9D6F58ECE}
	EndGlobalSection
	GlobalSection(Performance) = preSolution
		HasPerformanceSessions = true
	EndGlobalSection
	GlobalSection(Performance) = preSolution
		HasPerformanceSessions = true
	EndGlobalSection
	GlobalSection(Performance) = preSolution
		HasPerformanceSessions = true
	EndGlobalSection
EndGlobal
